// !$*UTF8*$!
{
	archiveVersion = 1;
	classes = {
	};
	objectVersion = 51;
	objects = {

/* Begin PBXBuildFile section */
		4967327956FB90A5ED3817D6 /* Pods_Play_Good_Music_Play_Good_MusicUITests.framework in Frameworks */ = {isa = PBXBuildFile; fileRef = 59A44A0FA65765037CE0CDA6 /* Pods_Play_Good_Music_Play_Good_MusicUITests.framework */; };
		6ABAB0367316026C085DFFF1 /* Pods_Play_Good_Music.framework in Frameworks */ = {isa = PBXBuildFile; fileRef = EE894BA037DCBCB91BFC753B /* Pods_Play_Good_Music.framework */; };
		B30B751624B6ECBF00FDDA46 /* CommonController.swift in Sources */ = {isa = PBXBuildFile; fileRef = B30B751524B6ECBF00FDDA46 /* CommonController.swift */; };
		B30CBB8A24B0D3BB00D7303A /* PlayerVM.swift in Sources */ = {isa = PBXBuildFile; fileRef = B30CBB8924B0D3BB00D7303A /* PlayerVM.swift */; };
		B30CBB8C24B0D51C00D7303A /* SubscriptionModel.swift in Sources */ = {isa = PBXBuildFile; fileRef = B30CBB8B24B0D51C00D7303A /* SubscriptionModel.swift */; };
		B30CBB8E24B0F4B300D7303A /* HeaderView.swift in Sources */ = {isa = PBXBuildFile; fileRef = B30CBB8D24B0F4B300D7303A /* HeaderView.swift */; };
		B30CBB9024B0F4C200D7303A /* HeaderView.xib in Resources */ = {isa = PBXBuildFile; fileRef = B30CBB8F24B0F4C200D7303A /* HeaderView.xib */; };
		B30CBB9224B36D3B00D7303A /* splash_1.mp4 in Resources */ = {isa = PBXBuildFile; fileRef = B30CBB9124B36D3B00D7303A /* splash_1.mp4 */; };
		B316617F249737BE00D061B3 /* RegistrationController.swift in Sources */ = {isa = PBXBuildFile; fileRef = B316617E249737BE00D061B3 /* RegistrationController.swift */; };
		B31661852497DE8000D061B3 /* LoginVM.swift in Sources */ = {isa = PBXBuildFile; fileRef = B31661842497DE8000D061B3 /* LoginVM.swift */; };
		B31661872497E05500D061B3 /* Binding.swift in Sources */ = {isa = PBXBuildFile; fileRef = B31661862497E05500D061B3 /* Binding.swift */; };
		B31661892497E55000D061B3 /* LoginModel.swift in Sources */ = {isa = PBXBuildFile; fileRef = B31661882497E55000D061B3 /* LoginModel.swift */; };
		B316618B2499116200D061B3 /* RegistrationVM.swift in Sources */ = {isa = PBXBuildFile; fileRef = B316618A2499116200D061B3 /* RegistrationVM.swift */; };
		B316618D249915EA00D061B3 /* RegistrationModel.swift in Sources */ = {isa = PBXBuildFile; fileRef = B316618C249915EA00D061B3 /* RegistrationModel.swift */; };
		B31710B8249A84D600BF8FA0 /* GoogleService-Info.plist in Resources */ = {isa = PBXBuildFile; fileRef = B31710B7249A84D600BF8FA0 /* GoogleService-Info.plist */; };
		B31715C324A6E7BE0072CD92 /* SideMenuOptionsCell.swift in Sources */ = {isa = PBXBuildFile; fileRef = B31715C124A6E7BE0072CD92 /* SideMenuOptionsCell.swift */; };
		B31715C424A6E7BE0072CD92 /* SideMenuOptionsCell.xib in Resources */ = {isa = PBXBuildFile; fileRef = B31715C224A6E7BE0072CD92 /* SideMenuOptionsCell.xib */; };
		B320107F24AFABAA007C5882 /* LiveEventCell.swift in Sources */ = {isa = PBXBuildFile; fileRef = B320107E24AFABAA007C5882 /* LiveEventCell.swift */; };
		B320108524B075A0007C5882 /* ProfileVM.swift in Sources */ = {isa = PBXBuildFile; fileRef = B320108424B075A0007C5882 /* ProfileVM.swift */; };
		B320108924B07B68007C5882 /* ProfilePicCell.swift in Sources */ = {isa = PBXBuildFile; fileRef = B320108724B07B68007C5882 /* ProfilePicCell.swift */; };
		B320108A24B07B68007C5882 /* ProfilePicCell.xib in Resources */ = {isa = PBXBuildFile; fileRef = B320108824B07B68007C5882 /* ProfilePicCell.xib */; };
		B320108E24B07DD5007C5882 /* FormCell.swift in Sources */ = {isa = PBXBuildFile; fileRef = B320108C24B07DD5007C5882 /* FormCell.swift */; };
		B320108F24B07DD5007C5882 /* FormCell.xib in Resources */ = {isa = PBXBuildFile; fileRef = B320108D24B07DD5007C5882 /* FormCell.xib */; };
		B320109124B08B2E007C5882 /* ProfileViewController.swift in Sources */ = {isa = PBXBuildFile; fileRef = B320109024B08B2E007C5882 /* ProfileViewController.swift */; };
		B320109324B0A01D007C5882 /* RoundButton.swift in Sources */ = {isa = PBXBuildFile; fileRef = B320109224B0A01C007C5882 /* RoundButton.swift */; };
		B33D997624A780A100CE0EA9 /* PlayerViewController.swift in Sources */ = {isa = PBXBuildFile; fileRef = B33D997524A780A100CE0EA9 /* PlayerViewController.swift */; };
		B33D997824A7812400CE0EA9 /* VideoView.swift in Sources */ = {isa = PBXBuildFile; fileRef = B33D997724A7812400CE0EA9 /* VideoView.swift */; };
		B360F16024968034001669E6 /* AppDelegate.swift in Sources */ = {isa = PBXBuildFile; fileRef = B360F15F24968034001669E6 /* AppDelegate.swift */; };
		B360F16224968034001669E6 /* SceneDelegate.swift in Sources */ = {isa = PBXBuildFile; fileRef = B360F16124968034001669E6 /* SceneDelegate.swift */; };
		B360F16424968034001669E6 /* BaseViewController.swift in Sources */ = {isa = PBXBuildFile; fileRef = B360F16324968034001669E6 /* BaseViewController.swift */; };
		B360F16724968034001669E6 /* Main.storyboard in Resources */ = {isa = PBXBuildFile; fileRef = B360F16524968034001669E6 /* Main.storyboard */; };
		B360F16924968037001669E6 /* Assets.xcassets in Resources */ = {isa = PBXBuildFile; fileRef = B360F16824968037001669E6 /* Assets.xcassets */; };
		B360F16C24968037001669E6 /* LaunchScreen.storyboard in Resources */ = {isa = PBXBuildFile; fileRef = B360F16A24968037001669E6 /* LaunchScreen.storyboard */; };
		B360F17724968038001669E6 /* PlayGoodMusicTests.swift in Sources */ = {isa = PBXBuildFile; fileRef = B360F17624968038001669E6 /* PlayGoodMusicTests.swift */; };
		B360F18224968038001669E6 /* PlayGoodMusicUITests.swift in Sources */ = {isa = PBXBuildFile; fileRef = B360F18124968038001669E6 /* PlayGoodMusicUITests.swift */; };
		B360F19824968149001669E6 /* Validators.swift in Sources */ = {isa = PBXBuildFile; fileRef = B360F19724968149001669E6 /* Validators.swift */; };
		B360F19B24968152001669E6 /* RequestBuilder.swift in Sources */ = {isa = PBXBuildFile; fileRef = B360F19924968152001669E6 /* RequestBuilder.swift */; };
		B360F19C24968152001669E6 /* Request.swift in Sources */ = {isa = PBXBuildFile; fileRef = B360F19A24968152001669E6 /* Request.swift */; };
		B360F19E249681F1001669E6 /* SplashViewController.swift in Sources */ = {isa = PBXBuildFile; fileRef = B360F19D249681F1001669E6 /* SplashViewController.swift */; };
		B360F1A224968487001669E6 /* Utils.swift in Sources */ = {isa = PBXBuildFile; fileRef = B360F1A124968487001669E6 /* Utils.swift */; };
		B360F1A424968671001669E6 /* LoadingView.swift in Sources */ = {isa = PBXBuildFile; fileRef = B360F1A324968671001669E6 /* LoadingView.swift */; };
		B360F1A624968ABC001669E6 /* MasterResponseModel.swift in Sources */ = {isa = PBXBuildFile; fileRef = B360F1A524968ABC001669E6 /* MasterResponseModel.swift */; };
		B360F1A824968D65001669E6 /* MasterApiListHelper.swift in Sources */ = {isa = PBXBuildFile; fileRef = B360F1A724968D65001669E6 /* MasterApiListHelper.swift */; };
		B360F1AA24969095001669E6 /* LoginViewController.swift in Sources */ = {isa = PBXBuildFile; fileRef = B360F1A924969095001669E6 /* LoginViewController.swift */; };
		B36B5B18249E6DCA00B56478 /* ListTableCell.swift in Sources */ = {isa = PBXBuildFile; fileRef = B36B5B16249E6DCA00B56478 /* ListTableCell.swift */; };
		B36B5B19249E6DCA00B56478 /* ListTableCell.xib in Resources */ = {isa = PBXBuildFile; fileRef = B36B5B17249E6DCA00B56478 /* ListTableCell.xib */; };
		B3D460BA249E59C700DA2F19 /* LiveEventsVM.swift in Sources */ = {isa = PBXBuildFile; fileRef = B3D460B9249E59C700DA2F19 /* LiveEventsVM.swift */; };
		B3D460BC249E5FB200DA2F19 /* LiveEventsViewController.swift in Sources */ = {isa = PBXBuildFile; fileRef = B3D460BB249E5FB200DA2F19 /* LiveEventsViewController.swift */; };
		B3F9E61324A0A7C500A174EF /* LiveEventsModel.swift in Sources */ = {isa = PBXBuildFile; fileRef = B3F9E61224A0A7C500A174EF /* LiveEventsModel.swift */; };
		B3F9E61524A0AFB700A174EF /* ImageCacheLoader.swift in Sources */ = {isa = PBXBuildFile; fileRef = B3F9E61424A0AFB700A174EF /* ImageCacheLoader.swift */; };
		B3F9E61924A117B500A174EF /* SideMenuViewController.swift in Sources */ = {isa = PBXBuildFile; fileRef = B3F9E61824A117B500A174EF /* SideMenuViewController.swift */; };
		C898BCE13A2546161C91C49B /* Pods_Play_Good_MusicTests.framework in Frameworks */ = {isa = PBXBuildFile; fileRef = 37A62EEE0D50D7409E72086D /* Pods_Play_Good_MusicTests.framework */; };
/* End PBXBuildFile section */

/* Begin PBXContainerItemProxy section */
		B360F17324968038001669E6 /* PBXContainerItemProxy */ = {
			isa = PBXContainerItemProxy;
			containerPortal = B360F15424968034001669E6 /* Project object */;
			proxyType = 1;
			remoteGlobalIDString = B360F15B24968034001669E6;
			remoteInfo = PlayGoodMusic;
		};
		B360F17E24968038001669E6 /* PBXContainerItemProxy */ = {
			isa = PBXContainerItemProxy;
			containerPortal = B360F15424968034001669E6 /* Project object */;
			proxyType = 1;
			remoteGlobalIDString = B360F15B24968034001669E6;
			remoteInfo = PlayGoodMusic;
		};
/* End PBXContainerItemProxy section */

/* Begin PBXFileReference section */
		10B9D13B36A5F0122B108354 /* Pods-PlayGoodMusic.release.xcconfig */ = {isa = PBXFileReference; includeInIndex = 1; lastKnownFileType = text.xcconfig; name = "Pods-PlayGoodMusic.release.xcconfig"; path = "Target Support Files/Pods-PlayGoodMusic/Pods-PlayGoodMusic.release.xcconfig"; sourceTree = "<group>"; };
		37A62EEE0D50D7409E72086D /* Pods_Play_Good_MusicTests.framework */ = {isa = PBXFileReference; explicitFileType = wrapper.framework; includeInIndex = 0; path = Pods_Play_Good_MusicTests.framework; sourceTree = BUILT_PRODUCTS_DIR; };
		408A6645C5D6CF27A7AACFFB /* Pods-Play Good MusicTests.debug.xcconfig */ = {isa = PBXFileReference; includeInIndex = 1; lastKnownFileType = text.xcconfig; name = "Pods-Play Good MusicTests.debug.xcconfig"; path = "Target Support Files/Pods-Play Good MusicTests/Pods-Play Good MusicTests.debug.xcconfig"; sourceTree = "<group>"; };
		59A44A0FA65765037CE0CDA6 /* Pods_Play_Good_Music_Play_Good_MusicUITests.framework */ = {isa = PBXFileReference; explicitFileType = wrapper.framework; includeInIndex = 0; path = Pods_Play_Good_Music_Play_Good_MusicUITests.framework; sourceTree = BUILT_PRODUCTS_DIR; };
		5C946A3A2F0444012ABA4455 /* Pods-Play Good MusicTests.release.xcconfig */ = {isa = PBXFileReference; includeInIndex = 1; lastKnownFileType = text.xcconfig; name = "Pods-Play Good MusicTests.release.xcconfig"; path = "Target Support Files/Pods-Play Good MusicTests/Pods-Play Good MusicTests.release.xcconfig"; sourceTree = "<group>"; };
		6A4CBE237B161B5F9C4BA213 /* Pods-PlayGoodMusicTests.release.xcconfig */ = {isa = PBXFileReference; includeInIndex = 1; lastKnownFileType = text.xcconfig; name = "Pods-PlayGoodMusicTests.release.xcconfig"; path = "Target Support Files/Pods-PlayGoodMusicTests/Pods-PlayGoodMusicTests.release.xcconfig"; sourceTree = "<group>"; };
		811645445B2B29F9D42F155A /* Pods-PlayGoodMusic-PlayGoodMusicUITests.debug.xcconfig */ = {isa = PBXFileReference; includeInIndex = 1; lastKnownFileType = text.xcconfig; name = "Pods-PlayGoodMusic-PlayGoodMusicUITests.debug.xcconfig"; path = "Target Support Files/Pods-PlayGoodMusic-PlayGoodMusicUITests/Pods-PlayGoodMusic-PlayGoodMusicUITests.debug.xcconfig"; sourceTree = "<group>"; };
		A01AD65CC9AB15B0A2BF2437 /* Pods-Play Good Music-Play Good MusicUITests.release.xcconfig */ = {isa = PBXFileReference; includeInIndex = 1; lastKnownFileType = text.xcconfig; name = "Pods-Play Good Music-Play Good MusicUITests.release.xcconfig"; path = "Target Support Files/Pods-Play Good Music-Play Good MusicUITests/Pods-Play Good Music-Play Good MusicUITests.release.xcconfig"; sourceTree = "<group>"; };
		A5F408B4DE22F256E65F857E /* Pods-PlayGoodMusic-PlayGoodMusicUITests.release.xcconfig */ = {isa = PBXFileReference; includeInIndex = 1; lastKnownFileType = text.xcconfig; name = "Pods-PlayGoodMusic-PlayGoodMusicUITests.release.xcconfig"; path = "Target Support Files/Pods-PlayGoodMusic-PlayGoodMusicUITests/Pods-PlayGoodMusic-PlayGoodMusicUITests.release.xcconfig"; sourceTree = "<group>"; };
		A619CAD0E94ABCD83BC1E0E2 /* Pods-Play Good Music.debug.xcconfig */ = {isa = PBXFileReference; includeInIndex = 1; lastKnownFileType = text.xcconfig; name = "Pods-Play Good Music.debug.xcconfig"; path = "Target Support Files/Pods-Play Good Music/Pods-Play Good Music.debug.xcconfig"; sourceTree = "<group>"; };
		B30B751524B6ECBF00FDDA46 /* CommonController.swift */ = {isa = PBXFileReference; lastKnownFileType = sourcecode.swift; path = CommonController.swift; sourceTree = "<group>"; };
		B30CBB8924B0D3BB00D7303A /* PlayerVM.swift */ = {isa = PBXFileReference; lastKnownFileType = sourcecode.swift; path = PlayerVM.swift; sourceTree = "<group>"; };
		B30CBB8B24B0D51C00D7303A /* SubscriptionModel.swift */ = {isa = PBXFileReference; lastKnownFileType = sourcecode.swift; path = SubscriptionModel.swift; sourceTree = "<group>"; };
		B30CBB8D24B0F4B300D7303A /* HeaderView.swift */ = {isa = PBXFileReference; lastKnownFileType = sourcecode.swift; path = HeaderView.swift; sourceTree = "<group>"; };
		B30CBB8F24B0F4C200D7303A /* HeaderView.xib */ = {isa = PBXFileReference; lastKnownFileType = file.xib; path = HeaderView.xib; sourceTree = "<group>"; };
		B30CBB9124B36D3B00D7303A /* splash_1.mp4 */ = {isa = PBXFileReference; lastKnownFileType = file; path = splash_1.mp4; sourceTree = "<group>"; };
		B316617E249737BE00D061B3 /* RegistrationController.swift */ = {isa = PBXFileReference; lastKnownFileType = sourcecode.swift; path = RegistrationController.swift; sourceTree = "<group>"; };
		B31661842497DE8000D061B3 /* LoginVM.swift */ = {isa = PBXFileReference; lastKnownFileType = sourcecode.swift; path = LoginVM.swift; sourceTree = "<group>"; };
		B31661862497E05500D061B3 /* Binding.swift */ = {isa = PBXFileReference; lastKnownFileType = sourcecode.swift; path = Binding.swift; sourceTree = "<group>"; };
		B31661882497E55000D061B3 /* LoginModel.swift */ = {isa = PBXFileReference; lastKnownFileType = sourcecode.swift; path = LoginModel.swift; sourceTree = "<group>"; };
		B316618A2499116200D061B3 /* RegistrationVM.swift */ = {isa = PBXFileReference; lastKnownFileType = sourcecode.swift; path = RegistrationVM.swift; sourceTree = "<group>"; };
		B316618C249915EA00D061B3 /* RegistrationModel.swift */ = {isa = PBXFileReference; lastKnownFileType = sourcecode.swift; path = RegistrationModel.swift; sourceTree = "<group>"; };
		B31710B7249A84D600BF8FA0 /* GoogleService-Info.plist */ = {isa = PBXFileReference; fileEncoding = 4; lastKnownFileType = text.plist.xml; path = "GoogleService-Info.plist"; sourceTree = "<group>"; };
		B31715C124A6E7BE0072CD92 /* SideMenuOptionsCell.swift */ = {isa = PBXFileReference; lastKnownFileType = sourcecode.swift; path = SideMenuOptionsCell.swift; sourceTree = "<group>"; };
		B31715C224A6E7BE0072CD92 /* SideMenuOptionsCell.xib */ = {isa = PBXFileReference; lastKnownFileType = file.xib; path = SideMenuOptionsCell.xib; sourceTree = "<group>"; };
		B320107E24AFABAA007C5882 /* LiveEventCell.swift */ = {isa = PBXFileReference; lastKnownFileType = sourcecode.swift; path = LiveEventCell.swift; sourceTree = "<group>"; };
		B320108424B075A0007C5882 /* ProfileVM.swift */ = {isa = PBXFileReference; lastKnownFileType = sourcecode.swift; path = ProfileVM.swift; sourceTree = "<group>"; };
		B320108724B07B68007C5882 /* ProfilePicCell.swift */ = {isa = PBXFileReference; lastKnownFileType = sourcecode.swift; path = ProfilePicCell.swift; sourceTree = "<group>"; };
		B320108824B07B68007C5882 /* ProfilePicCell.xib */ = {isa = PBXFileReference; lastKnownFileType = file.xib; path = ProfilePicCell.xib; sourceTree = "<group>"; };
		B320108C24B07DD5007C5882 /* FormCell.swift */ = {isa = PBXFileReference; lastKnownFileType = sourcecode.swift; path = FormCell.swift; sourceTree = "<group>"; };
		B320108D24B07DD5007C5882 /* FormCell.xib */ = {isa = PBXFileReference; lastKnownFileType = file.xib; path = FormCell.xib; sourceTree = "<group>"; };
		B320109024B08B2E007C5882 /* ProfileViewController.swift */ = {isa = PBXFileReference; lastKnownFileType = sourcecode.swift; path = ProfileViewController.swift; sourceTree = "<group>"; };
		B320109224B0A01C007C5882 /* RoundButton.swift */ = {isa = PBXFileReference; fileEncoding = 4; lastKnownFileType = sourcecode.swift; path = RoundButton.swift; sourceTree = "<group>"; };
		B33D997524A780A100CE0EA9 /* PlayerViewController.swift */ = {isa = PBXFileReference; lastKnownFileType = sourcecode.swift; path = PlayerViewController.swift; sourceTree = "<group>"; };
		B33D997724A7812400CE0EA9 /* VideoView.swift */ = {isa = PBXFileReference; fileEncoding = 4; lastKnownFileType = sourcecode.swift; path = VideoView.swift; sourceTree = "<group>"; };
		B360F15C24968034001669E6 /* Play Good Music.app */ = {isa = PBXFileReference; explicitFileType = wrapper.application; includeInIndex = 0; path = "Play Good Music.app"; sourceTree = BUILT_PRODUCTS_DIR; };
		B360F15F24968034001669E6 /* AppDelegate.swift */ = {isa = PBXFileReference; lastKnownFileType = sourcecode.swift; path = AppDelegate.swift; sourceTree = "<group>"; };
		B360F16124968034001669E6 /* SceneDelegate.swift */ = {isa = PBXFileReference; lastKnownFileType = sourcecode.swift; path = SceneDelegate.swift; sourceTree = "<group>"; };
		B360F16324968034001669E6 /* BaseViewController.swift */ = {isa = PBXFileReference; lastKnownFileType = sourcecode.swift; path = BaseViewController.swift; sourceTree = "<group>"; };
		B360F16624968034001669E6 /* Base */ = {isa = PBXFileReference; lastKnownFileType = file.storyboard; name = Base; path = Base.lproj/Main.storyboard; sourceTree = "<group>"; };
		B360F16824968037001669E6 /* Assets.xcassets */ = {isa = PBXFileReference; lastKnownFileType = folder.assetcatalog; path = Assets.xcassets; sourceTree = "<group>"; };
		B360F16B24968037001669E6 /* Base */ = {isa = PBXFileReference; lastKnownFileType = file.storyboard; name = Base; path = Base.lproj/LaunchScreen.storyboard; sourceTree = "<group>"; };
		B360F16D24968037001669E6 /* Info.plist */ = {isa = PBXFileReference; lastKnownFileType = text.plist.xml; path = Info.plist; sourceTree = "<group>"; };
		B360F17224968038001669E6 /* Play Good MusicTests.xctest */ = {isa = PBXFileReference; explicitFileType = wrapper.cfbundle; includeInIndex = 0; path = "Play Good MusicTests.xctest"; sourceTree = BUILT_PRODUCTS_DIR; };
		B360F17624968038001669E6 /* PlayGoodMusicTests.swift */ = {isa = PBXFileReference; lastKnownFileType = sourcecode.swift; path = PlayGoodMusicTests.swift; sourceTree = "<group>"; };
		B360F17824968038001669E6 /* Info.plist */ = {isa = PBXFileReference; lastKnownFileType = text.plist.xml; path = Info.plist; sourceTree = "<group>"; };
		B360F17D24968038001669E6 /* Play Good MusicUITests.xctest */ = {isa = PBXFileReference; explicitFileType = wrapper.cfbundle; includeInIndex = 0; path = "Play Good MusicUITests.xctest"; sourceTree = BUILT_PRODUCTS_DIR; };
		B360F18124968038001669E6 /* PlayGoodMusicUITests.swift */ = {isa = PBXFileReference; lastKnownFileType = sourcecode.swift; path = PlayGoodMusicUITests.swift; sourceTree = "<group>"; };
		B360F18324968038001669E6 /* Info.plist */ = {isa = PBXFileReference; lastKnownFileType = text.plist.xml; path = Info.plist; sourceTree = "<group>"; };
		B360F19724968149001669E6 /* Validators.swift */ = {isa = PBXFileReference; fileEncoding = 4; lastKnownFileType = sourcecode.swift; path = Validators.swift; sourceTree = "<group>"; };
		B360F19924968152001669E6 /* RequestBuilder.swift */ = {isa = PBXFileReference; fileEncoding = 4; lastKnownFileType = sourcecode.swift; path = RequestBuilder.swift; sourceTree = "<group>"; };
		B360F19A24968152001669E6 /* Request.swift */ = {isa = PBXFileReference; fileEncoding = 4; lastKnownFileType = sourcecode.swift; path = Request.swift; sourceTree = "<group>"; };
		B360F19D249681F1001669E6 /* SplashViewController.swift */ = {isa = PBXFileReference; lastKnownFileType = sourcecode.swift; path = SplashViewController.swift; sourceTree = "<group>"; };
		B360F1A124968487001669E6 /* Utils.swift */ = {isa = PBXFileReference; lastKnownFileType = sourcecode.swift; path = Utils.swift; sourceTree = "<group>"; };
		B360F1A324968671001669E6 /* LoadingView.swift */ = {isa = PBXFileReference; lastKnownFileType = sourcecode.swift; path = LoadingView.swift; sourceTree = "<group>"; };
		B360F1A524968ABC001669E6 /* MasterResponseModel.swift */ = {isa = PBXFileReference; lastKnownFileType = sourcecode.swift; path = MasterResponseModel.swift; sourceTree = "<group>"; };
		B360F1A724968D65001669E6 /* MasterApiListHelper.swift */ = {isa = PBXFileReference; lastKnownFileType = sourcecode.swift; path = MasterApiListHelper.swift; sourceTree = "<group>"; };
		B360F1A924969095001669E6 /* LoginViewController.swift */ = {isa = PBXFileReference; lastKnownFileType = sourcecode.swift; path = LoginViewController.swift; sourceTree = "<group>"; };
		B36B5B16249E6DCA00B56478 /* ListTableCell.swift */ = {isa = PBXFileReference; lastKnownFileType = sourcecode.swift; path = ListTableCell.swift; sourceTree = "<group>"; };
		B36B5B17249E6DCA00B56478 /* ListTableCell.xib */ = {isa = PBXFileReference; lastKnownFileType = file.xib; path = ListTableCell.xib; sourceTree = "<group>"; };
		B3D460B9249E59C700DA2F19 /* LiveEventsVM.swift */ = {isa = PBXFileReference; lastKnownFileType = sourcecode.swift; path = LiveEventsVM.swift; sourceTree = "<group>"; };
		B3D460BB249E5FB200DA2F19 /* LiveEventsViewController.swift */ = {isa = PBXFileReference; lastKnownFileType = sourcecode.swift; path = LiveEventsViewController.swift; sourceTree = "<group>"; };
		B3F9E61224A0A7C500A174EF /* LiveEventsModel.swift */ = {isa = PBXFileReference; lastKnownFileType = sourcecode.swift; path = LiveEventsModel.swift; sourceTree = "<group>"; };
		B3F9E61424A0AFB700A174EF /* ImageCacheLoader.swift */ = {isa = PBXFileReference; lastKnownFileType = sourcecode.swift; path = ImageCacheLoader.swift; sourceTree = "<group>"; };
		B3F9E61824A117B500A174EF /* SideMenuViewController.swift */ = {isa = PBXFileReference; lastKnownFileType = sourcecode.swift; path = SideMenuViewController.swift; sourceTree = "<group>"; };
		C9AF764E16675B6056461492 /* Pods-Play Good Music-Play Good MusicUITests.debug.xcconfig */ = {isa = PBXFileReference; includeInIndex = 1; lastKnownFileType = text.xcconfig; name = "Pods-Play Good Music-Play Good MusicUITests.debug.xcconfig"; path = "Target Support Files/Pods-Play Good Music-Play Good MusicUITests/Pods-Play Good Music-Play Good MusicUITests.debug.xcconfig"; sourceTree = "<group>"; };
		D2E9F5A711615F057F9B2935 /* Pods-PlayGoodMusicTests.debug.xcconfig */ = {isa = PBXFileReference; includeInIndex = 1; lastKnownFileType = text.xcconfig; name = "Pods-PlayGoodMusicTests.debug.xcconfig"; path = "Target Support Files/Pods-PlayGoodMusicTests/Pods-PlayGoodMusicTests.debug.xcconfig"; sourceTree = "<group>"; };
		E0B7DBAE3AAC0C48EA73926E /* Pods-Play Good Music.release.xcconfig */ = {isa = PBXFileReference; includeInIndex = 1; lastKnownFileType = text.xcconfig; name = "Pods-Play Good Music.release.xcconfig"; path = "Target Support Files/Pods-Play Good Music/Pods-Play Good Music.release.xcconfig"; sourceTree = "<group>"; };
		EE4F9E00BDBC198E11783F6D /* Pods-PlayGoodMusic.debug.xcconfig */ = {isa = PBXFileReference; includeInIndex = 1; lastKnownFileType = text.xcconfig; name = "Pods-PlayGoodMusic.debug.xcconfig"; path = "Target Support Files/Pods-PlayGoodMusic/Pods-PlayGoodMusic.debug.xcconfig"; sourceTree = "<group>"; };
		EE894BA037DCBCB91BFC753B /* Pods_Play_Good_Music.framework */ = {isa = PBXFileReference; explicitFileType = wrapper.framework; includeInIndex = 0; path = Pods_Play_Good_Music.framework; sourceTree = BUILT_PRODUCTS_DIR; };
/* End PBXFileReference section */

/* Begin PBXFrameworksBuildPhase section */
		B360F15924968034001669E6 /* Frameworks */ = {
			isa = PBXFrameworksBuildPhase;
			buildActionMask = 2147483647;
			files = (
				6ABAB0367316026C085DFFF1 /* Pods_Play_Good_Music.framework in Frameworks */,
			);
			runOnlyForDeploymentPostprocessing = 0;
		};
		B360F16F24968038001669E6 /* Frameworks */ = {
			isa = PBXFrameworksBuildPhase;
			buildActionMask = 2147483647;
			files = (
				C898BCE13A2546161C91C49B /* Pods_Play_Good_MusicTests.framework in Frameworks */,
			);
			runOnlyForDeploymentPostprocessing = 0;
		};
		B360F17A24968038001669E6 /* Frameworks */ = {
			isa = PBXFrameworksBuildPhase;
			buildActionMask = 2147483647;
			files = (
				4967327956FB90A5ED3817D6 /* Pods_Play_Good_Music_Play_Good_MusicUITests.framework in Frameworks */,
			);
			runOnlyForDeploymentPostprocessing = 0;
		};
/* End PBXFrameworksBuildPhase section */

/* Begin PBXGroup section */
		482274ABECD296753C75EDA6 /* Pods */ = {
			isa = PBXGroup;
			children = (
				EE4F9E00BDBC198E11783F6D /* Pods-PlayGoodMusic.debug.xcconfig */,
				10B9D13B36A5F0122B108354 /* Pods-PlayGoodMusic.release.xcconfig */,
				811645445B2B29F9D42F155A /* Pods-PlayGoodMusic-PlayGoodMusicUITests.debug.xcconfig */,
				A5F408B4DE22F256E65F857E /* Pods-PlayGoodMusic-PlayGoodMusicUITests.release.xcconfig */,
				D2E9F5A711615F057F9B2935 /* Pods-PlayGoodMusicTests.debug.xcconfig */,
				6A4CBE237B161B5F9C4BA213 /* Pods-PlayGoodMusicTests.release.xcconfig */,
				A619CAD0E94ABCD83BC1E0E2 /* Pods-Play Good Music.debug.xcconfig */,
				E0B7DBAE3AAC0C48EA73926E /* Pods-Play Good Music.release.xcconfig */,
				C9AF764E16675B6056461492 /* Pods-Play Good Music-Play Good MusicUITests.debug.xcconfig */,
				A01AD65CC9AB15B0A2BF2437 /* Pods-Play Good Music-Play Good MusicUITests.release.xcconfig */,
				408A6645C5D6CF27A7AACFFB /* Pods-Play Good MusicTests.debug.xcconfig */,
				5C946A3A2F0444012ABA4455 /* Pods-Play Good MusicTests.release.xcconfig */,
			);
			path = Pods;
			sourceTree = "<group>";
		};
		7A02B25979A4007DAAE7B481 /* Frameworks */ = {
			isa = PBXGroup;
			children = (
				EE894BA037DCBCB91BFC753B /* Pods_Play_Good_Music.framework */,
				59A44A0FA65765037CE0CDA6 /* Pods_Play_Good_Music_Play_Good_MusicUITests.framework */,
				37A62EEE0D50D7409E72086D /* Pods_Play_Good_MusicTests.framework */,
			);
			name = Frameworks;
			sourceTree = "<group>";
		};
		B320108624B07B45007C5882 /* Profile */ = {
			isa = PBXGroup;
			children = (
				B320109024B08B2E007C5882 /* ProfileViewController.swift */,
				B320108B24B07DB5007C5882 /* Cells */,
			);
			path = Profile;
			sourceTree = "<group>";
		};
		B320108B24B07DB5007C5882 /* Cells */ = {
			isa = PBXGroup;
			children = (
				B320108724B07B68007C5882 /* ProfilePicCell.swift */,
				B320108824B07B68007C5882 /* ProfilePicCell.xib */,
				B320108C24B07DD5007C5882 /* FormCell.swift */,
				B320108D24B07DD5007C5882 /* FormCell.xib */,
			);
			path = Cells;
			sourceTree = "<group>";
		};
		B360F15324968034001669E6 = {
			isa = PBXGroup;
			children = (
				B360F15E24968034001669E6 /* PlayGoodMusic */,
				B360F17524968038001669E6 /* PlayGoodMusicTests */,
				B360F18024968038001669E6 /* PlayGoodMusicUITests */,
				B360F15D24968034001669E6 /* Products */,
				482274ABECD296753C75EDA6 /* Pods */,
				7A02B25979A4007DAAE7B481 /* Frameworks */,
			);
			sourceTree = "<group>";
		};
		B360F15D24968034001669E6 /* Products */ = {
			isa = PBXGroup;
			children = (
				B360F15C24968034001669E6 /* Play Good Music.app */,
				B360F17224968038001669E6 /* Play Good MusicTests.xctest */,
				B360F17D24968038001669E6 /* Play Good MusicUITests.xctest */,
			);
			name = Products;
			sourceTree = "<group>";
		};
		B360F15E24968034001669E6 /* PlayGoodMusic */ = {
			isa = PBXGroup;
			children = (
				B360F19024968060001669E6 /* Service */,
				B360F1962496813B001669E6 /* Utils */,
				B360F18F24968048001669E6 /* AppDelegate */,
				B360F1922496808A001669E6 /* Model */,
				B360F19124968083001669E6 /* ViewModel */,
				B360F19324968092001669E6 /* Views */,
				B360F16524968034001669E6 /* Main.storyboard */,
				B360F16824968037001669E6 /* Assets.xcassets */,
				B360F16A24968037001669E6 /* LaunchScreen.storyboard */,
				B31710B7249A84D600BF8FA0 /* GoogleService-Info.plist */,
				B360F16D24968037001669E6 /* Info.plist */,
				B30CBB9124B36D3B00D7303A /* splash_1.mp4 */,
			);
			path = PlayGoodMusic;
			sourceTree = "<group>";
		};
		B360F17524968038001669E6 /* PlayGoodMusicTests */ = {
			isa = PBXGroup;
			children = (
				B360F17624968038001669E6 /* PlayGoodMusicTests.swift */,
				B360F17824968038001669E6 /* Info.plist */,
			);
			path = PlayGoodMusicTests;
			sourceTree = "<group>";
		};
		B360F18024968038001669E6 /* PlayGoodMusicUITests */ = {
			isa = PBXGroup;
			children = (
				B360F18124968038001669E6 /* PlayGoodMusicUITests.swift */,
				B360F18324968038001669E6 /* Info.plist */,
			);
			path = PlayGoodMusicUITests;
			sourceTree = "<group>";
		};
		B360F18F24968048001669E6 /* AppDelegate */ = {
			isa = PBXGroup;
			children = (
				B360F15F24968034001669E6 /* AppDelegate.swift */,
				B360F16124968034001669E6 /* SceneDelegate.swift */,
			);
			path = AppDelegate;
			sourceTree = "<group>";
		};
		B360F19024968060001669E6 /* Service */ = {
			isa = PBXGroup;
			children = (
				B360F19924968152001669E6 /* RequestBuilder.swift */,
				B360F19A24968152001669E6 /* Request.swift */,
			);
			path = Service;
			sourceTree = "<group>";
		};
		B360F19124968083001669E6 /* ViewModel */ = {
			isa = PBXGroup;
			children = (
				B31661842497DE8000D061B3 /* LoginVM.swift */,
				B316618A2499116200D061B3 /* RegistrationVM.swift */,
				B3D460B9249E59C700DA2F19 /* LiveEventsVM.swift */,
				B320108424B075A0007C5882 /* ProfileVM.swift */,
				B30CBB8924B0D3BB00D7303A /* PlayerVM.swift */,
			);
			path = ViewModel;
			sourceTree = "<group>";
		};
		B360F1922496808A001669E6 /* Model */ = {
			isa = PBXGroup;
			children = (
				B360F1A524968ABC001669E6 /* MasterResponseModel.swift */,
				B31661882497E55000D061B3 /* LoginModel.swift */,
				B316618C249915EA00D061B3 /* RegistrationModel.swift */,
				B3F9E61124A0A0D400A174EF /* LiveDataModels */,
				B30CBB8B24B0D51C00D7303A /* SubscriptionModel.swift */,
			);
			path = Model;
			sourceTree = "<group>";
		};
		B360F19324968092001669E6 /* Views */ = {
			isa = PBXGroup;
			children = (
				B360F195249680A1001669E6 /* Controllers */,
			);
			path = Views;
			sourceTree = "<group>";
		};
		B360F195249680A1001669E6 /* Controllers */ = {
			isa = PBXGroup;
			children = (
				B3F9E61624A0B97E00A174EF /* Cells */,
				B360F16324968034001669E6 /* BaseViewController.swift */,
				B360F19D249681F1001669E6 /* SplashViewController.swift */,
				B360F1A924969095001669E6 /* LoginViewController.swift */,
				B316617E249737BE00D061B3 /* RegistrationController.swift */,
				B3D460BB249E5FB200DA2F19 /* LiveEventsViewController.swift */,
				B3F9E61824A117B500A174EF /* SideMenuViewController.swift */,
				B33D997524A780A100CE0EA9 /* PlayerViewController.swift */,
				B30B751524B6ECBF00FDDA46 /* CommonController.swift */,
				B320108624B07B45007C5882 /* Profile */,
			);
			path = Controllers;
			sourceTree = "<group>";
		};
		B360F1962496813B001669E6 /* Utils */ = {
			isa = PBXGroup;
			children = (
				B320109224B0A01C007C5882 /* RoundButton.swift */,
				B33D997724A7812400CE0EA9 /* VideoView.swift */,
				B360F19724968149001669E6 /* Validators.swift */,
				B360F1A324968671001669E6 /* LoadingView.swift */,
				B360F1A124968487001669E6 /* Utils.swift */,
				B360F1A724968D65001669E6 /* MasterApiListHelper.swift */,
				B31661862497E05500D061B3 /* Binding.swift */,
				B3F9E61424A0AFB700A174EF /* ImageCacheLoader.swift */,
			);
			path = Utils;
			sourceTree = "<group>";
		};
		B3F9E61124A0A0D400A174EF /* LiveDataModels */ = {
			isa = PBXGroup;
			children = (
				B3F9E61224A0A7C500A174EF /* LiveEventsModel.swift */,
			);
			path = LiveDataModels;
			sourceTree = "<group>";
		};
		B3F9E61624A0B97E00A174EF /* Cells */ = {
			isa = PBXGroup;
			children = (
				B36B5B16249E6DCA00B56478 /* ListTableCell.swift */,
				B36B5B17249E6DCA00B56478 /* ListTableCell.xib */,
				B31715C124A6E7BE0072CD92 /* SideMenuOptionsCell.swift */,
				B31715C224A6E7BE0072CD92 /* SideMenuOptionsCell.xib */,
				B320107E24AFABAA007C5882 /* LiveEventCell.swift */,
				B30CBB8D24B0F4B300D7303A /* HeaderView.swift */,
				B30CBB8F24B0F4C200D7303A /* HeaderView.xib */,
			);
			path = Cells;
			sourceTree = "<group>";
		};
/* End PBXGroup section */

/* Begin PBXNativeTarget section */
		B360F15B24968034001669E6 /* Play Good Music */ = {
			isa = PBXNativeTarget;
			buildConfigurationList = B360F18624968038001669E6 /* Build configuration list for PBXNativeTarget "Play Good Music" */;
			buildPhases = (
				FCCB8237F7C6C611A7D33090 /* [CP] Check Pods Manifest.lock */,
				B360F15824968034001669E6 /* Sources */,
				B360F15924968034001669E6 /* Frameworks */,
				B360F15A24968034001669E6 /* Resources */,
				73030438B7311DDB005A5BA4 /* [CP] Embed Pods Frameworks */,
				4A52878BB770BF375A22BF16 /* [CP] Copy Pods Resources */,
			);
			buildRules = (
			);
			dependencies = (
			);
			name = "Play Good Music";
			productName = PlayGoodMusic;
			productReference = B360F15C24968034001669E6 /* Play Good Music.app */;
			productType = "com.apple.product-type.application";
		};
		B360F17124968038001669E6 /* Play Good MusicTests */ = {
			isa = PBXNativeTarget;
			buildConfigurationList = B360F18924968038001669E6 /* Build configuration list for PBXNativeTarget "Play Good MusicTests" */;
			buildPhases = (
				12A3EDE164F4F6E533CCCE85 /* [CP] Check Pods Manifest.lock */,
				B360F16E24968038001669E6 /* Sources */,
				B360F16F24968038001669E6 /* Frameworks */,
				B360F17024968038001669E6 /* Resources */,
			);
			buildRules = (
			);
			dependencies = (
				B360F17424968038001669E6 /* PBXTargetDependency */,
			);
			name = "Play Good MusicTests";
			productName = PlayGoodMusicTests;
			productReference = B360F17224968038001669E6 /* Play Good MusicTests.xctest */;
			productType = "com.apple.product-type.bundle.unit-test";
		};
		B360F17C24968038001669E6 /* Play Good MusicUITests */ = {
			isa = PBXNativeTarget;
			buildConfigurationList = B360F18C24968038001669E6 /* Build configuration list for PBXNativeTarget "Play Good MusicUITests" */;
			buildPhases = (
				D0A3401A263CB73F471F1FDE /* [CP] Check Pods Manifest.lock */,
				B360F17924968038001669E6 /* Sources */,
				B360F17A24968038001669E6 /* Frameworks */,
				B360F17B24968038001669E6 /* Resources */,
				C6AE23AB8DC8C3D513762078 /* [CP] Embed Pods Frameworks */,
				DF66C81A398A7E498A21EE3C /* [CP] Copy Pods Resources */,
			);
			buildRules = (
			);
			dependencies = (
				B360F17F24968038001669E6 /* PBXTargetDependency */,
			);
			name = "Play Good MusicUITests";
			productName = PlayGoodMusicUITests;
			productReference = B360F17D24968038001669E6 /* Play Good MusicUITests.xctest */;
			productType = "com.apple.product-type.bundle.ui-testing";
		};
/* End PBXNativeTarget section */

/* Begin PBXProject section */
		B360F15424968034001669E6 /* Project object */ = {
			isa = PBXProject;
			attributes = {
				LastSwiftUpdateCheck = 1150;
				LastUpgradeCheck = 1150;
				ORGANIZATIONNAME = 13216146;
				TargetAttributes = {
					B360F15B24968034001669E6 = {
						CreatedOnToolsVersion = 11.5;
					};
					B360F17124968038001669E6 = {
						CreatedOnToolsVersion = 11.5;
						TestTargetID = B360F15B24968034001669E6;
					};
					B360F17C24968038001669E6 = {
						CreatedOnToolsVersion = 11.5;
						TestTargetID = B360F15B24968034001669E6;
					};
				};
			};
			buildConfigurationList = B360F15724968034001669E6 /* Build configuration list for PBXProject "Play Good Music" */;
			compatibilityVersion = "Xcode 9.3";
			developmentRegion = en;
			hasScannedForEncodings = 0;
			knownRegions = (
				en,
				Base,
			);
			mainGroup = B360F15324968034001669E6;
			productRefGroup = B360F15D24968034001669E6 /* Products */;
			projectDirPath = "";
			projectRoot = "";
			targets = (
				B360F15B24968034001669E6 /* Play Good Music */,
				B360F17124968038001669E6 /* Play Good MusicTests */,
				B360F17C24968038001669E6 /* Play Good MusicUITests */,
			);
		};
/* End PBXProject section */

/* Begin PBXResourcesBuildPhase section */
		B360F15A24968034001669E6 /* Resources */ = {
			isa = PBXResourcesBuildPhase;
			buildActionMask = 2147483647;
			files = (
				B31715C424A6E7BE0072CD92 /* SideMenuOptionsCell.xib in Resources */,
				B320108F24B07DD5007C5882 /* FormCell.xib in Resources */,
				B360F16C24968037001669E6 /* LaunchScreen.storyboard in Resources */,
				B360F16924968037001669E6 /* Assets.xcassets in Resources */,
				B320108A24B07B68007C5882 /* ProfilePicCell.xib in Resources */,
				B36B5B19249E6DCA00B56478 /* ListTableCell.xib in Resources */,
				B30CBB9224B36D3B00D7303A /* splash_1.mp4 in Resources */,
				B30CBB9024B0F4C200D7303A /* HeaderView.xib in Resources */,
				B360F16724968034001669E6 /* Main.storyboard in Resources */,
				B31710B8249A84D600BF8FA0 /* GoogleService-Info.plist in Resources */,
			);
			runOnlyForDeploymentPostprocessing = 0;
		};
		B360F17024968038001669E6 /* Resources */ = {
			isa = PBXResourcesBuildPhase;
			buildActionMask = 2147483647;
			files = (
			);
			runOnlyForDeploymentPostprocessing = 0;
		};
		B360F17B24968038001669E6 /* Resources */ = {
			isa = PBXResourcesBuildPhase;
			buildActionMask = 2147483647;
			files = (
			);
			runOnlyForDeploymentPostprocessing = 0;
		};
/* End PBXResourcesBuildPhase section */

/* Begin PBXShellScriptBuildPhase section */
		12A3EDE164F4F6E533CCCE85 /* [CP] Check Pods Manifest.lock */ = {
			isa = PBXShellScriptBuildPhase;
			buildActionMask = 2147483647;
			files = (
			);
			inputFileListPaths = (
			);
			inputPaths = (
				"${PODS_PODFILE_DIR_PATH}/Podfile.lock",
				"${PODS_ROOT}/Manifest.lock",
			);
			name = "[CP] Check Pods Manifest.lock";
			outputFileListPaths = (
			);
			outputPaths = (
				"$(DERIVED_FILE_DIR)/Pods-Play Good MusicTests-checkManifestLockResult.txt",
			);
			runOnlyForDeploymentPostprocessing = 0;
			shellPath = /bin/sh;
			shellScript = "diff \"${PODS_PODFILE_DIR_PATH}/Podfile.lock\" \"${PODS_ROOT}/Manifest.lock\" > /dev/null\nif [ $? != 0 ] ; then\n    # print error to STDERR\n    echo \"error: The sandbox is not in sync with the Podfile.lock. Run 'pod install' or update your CocoaPods installation.\" >&2\n    exit 1\nfi\n# This output is used by Xcode 'outputs' to avoid re-running this script phase.\necho \"SUCCESS\" > \"${SCRIPT_OUTPUT_FILE_0}\"\n";
			showEnvVarsInLog = 0;
		};
		4A52878BB770BF375A22BF16 /* [CP] Copy Pods Resources */ = {
			isa = PBXShellScriptBuildPhase;
			buildActionMask = 2147483647;
			files = (
			);
			inputFileListPaths = (
				"${PODS_ROOT}/Target Support Files/Pods-Play Good Music/Pods-Play Good Music-resources-${CONFIGURATION}-input-files.xcfilelist",
			);
			name = "[CP] Copy Pods Resources";
			outputFileListPaths = (
				"${PODS_ROOT}/Target Support Files/Pods-Play Good Music/Pods-Play Good Music-resources-${CONFIGURATION}-output-files.xcfilelist",
			);
			runOnlyForDeploymentPostprocessing = 0;
			shellPath = /bin/sh;
			shellScript = "\"${PODS_ROOT}/Target Support Files/Pods-Play Good Music/Pods-Play Good Music-resources.sh\"\n";
			showEnvVarsInLog = 0;
		};
		73030438B7311DDB005A5BA4 /* [CP] Embed Pods Frameworks */ = {
			isa = PBXShellScriptBuildPhase;
			buildActionMask = 2147483647;
			files = (
			);
			inputFileListPaths = (
				"${PODS_ROOT}/Target Support Files/Pods-Play Good Music/Pods-Play Good Music-frameworks-${CONFIGURATION}-input-files.xcfilelist",
			);
			name = "[CP] Embed Pods Frameworks";
			outputFileListPaths = (
				"${PODS_ROOT}/Target Support Files/Pods-Play Good Music/Pods-Play Good Music-frameworks-${CONFIGURATION}-output-files.xcfilelist",
			);
			runOnlyForDeploymentPostprocessing = 0;
			shellPath = /bin/sh;
			shellScript = "\"${PODS_ROOT}/Target Support Files/Pods-Play Good Music/Pods-Play Good Music-frameworks.sh\"\n";
			showEnvVarsInLog = 0;
		};
		C6AE23AB8DC8C3D513762078 /* [CP] Embed Pods Frameworks */ = {
			isa = PBXShellScriptBuildPhase;
			buildActionMask = 2147483647;
			files = (
			);
			inputFileListPaths = (
				"${PODS_ROOT}/Target Support Files/Pods-Play Good Music-Play Good MusicUITests/Pods-Play Good Music-Play Good MusicUITests-frameworks-${CONFIGURATION}-input-files.xcfilelist",
			);
			name = "[CP] Embed Pods Frameworks";
			outputFileListPaths = (
				"${PODS_ROOT}/Target Support Files/Pods-Play Good Music-Play Good MusicUITests/Pods-Play Good Music-Play Good MusicUITests-frameworks-${CONFIGURATION}-output-files.xcfilelist",
			);
			runOnlyForDeploymentPostprocessing = 0;
			shellPath = /bin/sh;
			shellScript = "\"${PODS_ROOT}/Target Support Files/Pods-Play Good Music-Play Good MusicUITests/Pods-Play Good Music-Play Good MusicUITests-frameworks.sh\"\n";
			showEnvVarsInLog = 0;
		};
		D0A3401A263CB73F471F1FDE /* [CP] Check Pods Manifest.lock */ = {
			isa = PBXShellScriptBuildPhase;
			buildActionMask = 2147483647;
			files = (
			);
			inputFileListPaths = (
			);
			inputPaths = (
				"${PODS_PODFILE_DIR_PATH}/Podfile.lock",
				"${PODS_ROOT}/Manifest.lock",
			);
			name = "[CP] Check Pods Manifest.lock";
			outputFileListPaths = (
			);
			outputPaths = (
				"$(DERIVED_FILE_DIR)/Pods-Play Good Music-Play Good MusicUITests-checkManifestLockResult.txt",
			);
			runOnlyForDeploymentPostprocessing = 0;
			shellPath = /bin/sh;
			shellScript = "diff \"${PODS_PODFILE_DIR_PATH}/Podfile.lock\" \"${PODS_ROOT}/Manifest.lock\" > /dev/null\nif [ $? != 0 ] ; then\n    # print error to STDERR\n    echo \"error: The sandbox is not in sync with the Podfile.lock. Run 'pod install' or update your CocoaPods installation.\" >&2\n    exit 1\nfi\n# This output is used by Xcode 'outputs' to avoid re-running this script phase.\necho \"SUCCESS\" > \"${SCRIPT_OUTPUT_FILE_0}\"\n";
			showEnvVarsInLog = 0;
		};
		DF66C81A398A7E498A21EE3C /* [CP] Copy Pods Resources */ = {
			isa = PBXShellScriptBuildPhase;
			buildActionMask = 2147483647;
			files = (
			);
			inputFileListPaths = (
				"${PODS_ROOT}/Target Support Files/Pods-Play Good Music-Play Good MusicUITests/Pods-Play Good Music-Play Good MusicUITests-resources-${CONFIGURATION}-input-files.xcfilelist",
			);
			name = "[CP] Copy Pods Resources";
			outputFileListPaths = (
				"${PODS_ROOT}/Target Support Files/Pods-Play Good Music-Play Good MusicUITests/Pods-Play Good Music-Play Good MusicUITests-resources-${CONFIGURATION}-output-files.xcfilelist",
			);
			runOnlyForDeploymentPostprocessing = 0;
			shellPath = /bin/sh;
			shellScript = "\"${PODS_ROOT}/Target Support Files/Pods-Play Good Music-Play Good MusicUITests/Pods-Play Good Music-Play Good MusicUITests-resources.sh\"\n";
			showEnvVarsInLog = 0;
		};
		FCCB8237F7C6C611A7D33090 /* [CP] Check Pods Manifest.lock */ = {
			isa = PBXShellScriptBuildPhase;
			buildActionMask = 2147483647;
			files = (
			);
			inputFileListPaths = (
			);
			inputPaths = (
				"${PODS_PODFILE_DIR_PATH}/Podfile.lock",
				"${PODS_ROOT}/Manifest.lock",
			);
			name = "[CP] Check Pods Manifest.lock";
			outputFileListPaths = (
			);
			outputPaths = (
				"$(DERIVED_FILE_DIR)/Pods-Play Good Music-checkManifestLockResult.txt",
			);
			runOnlyForDeploymentPostprocessing = 0;
			shellPath = /bin/sh;
			shellScript = "diff \"${PODS_PODFILE_DIR_PATH}/Podfile.lock\" \"${PODS_ROOT}/Manifest.lock\" > /dev/null\nif [ $? != 0 ] ; then\n    # print error to STDERR\n    echo \"error: The sandbox is not in sync with the Podfile.lock. Run 'pod install' or update your CocoaPods installation.\" >&2\n    exit 1\nfi\n# This output is used by Xcode 'outputs' to avoid re-running this script phase.\necho \"SUCCESS\" > \"${SCRIPT_OUTPUT_FILE_0}\"\n";
			showEnvVarsInLog = 0;
		};
/* End PBXShellScriptBuildPhase section */

/* Begin PBXSourcesBuildPhase section */
		B360F15824968034001669E6 /* Sources */ = {
			isa = PBXSourcesBuildPhase;
			buildActionMask = 2147483647;
			files = (
				B31661852497DE8000D061B3 /* LoginVM.swift in Sources */,
				B3D460BA249E59C700DA2F19 /* LiveEventsVM.swift in Sources */,
				B360F1AA24969095001669E6 /* LoginViewController.swift in Sources */,
				B316618B2499116200D061B3 /* RegistrationVM.swift in Sources */,
				B30CBB8A24B0D3BB00D7303A /* PlayerVM.swift in Sources */,
				B30CBB8E24B0F4B300D7303A /* HeaderView.swift in Sources */,
				B3F9E61324A0A7C500A174EF /* LiveEventsModel.swift in Sources */,
				B31715C324A6E7BE0072CD92 /* SideMenuOptionsCell.swift in Sources */,
				B320109124B08B2E007C5882 /* ProfileViewController.swift in Sources */,
				B360F19B24968152001669E6 /* RequestBuilder.swift in Sources */,
				B33D997624A780A100CE0EA9 /* PlayerViewController.swift in Sources */,
				B360F19C24968152001669E6 /* Request.swift in Sources */,
				B360F19824968149001669E6 /* Validators.swift in Sources */,
				B31661892497E55000D061B3 /* LoginModel.swift in Sources */,
				B360F1A824968D65001669E6 /* MasterApiListHelper.swift in Sources */,
				B320108524B075A0007C5882 /* ProfileVM.swift in Sources */,
				B320109324B0A01D007C5882 /* RoundButton.swift in Sources */,
				B30CBB8C24B0D51C00D7303A /* SubscriptionModel.swift in Sources */,
				B316618D249915EA00D061B3 /* RegistrationModel.swift in Sources */,
				B360F16424968034001669E6 /* BaseViewController.swift in Sources */,
				B3D460BC249E5FB200DA2F19 /* LiveEventsViewController.swift in Sources */,
				B33D997824A7812400CE0EA9 /* VideoView.swift in Sources */,
				B320107F24AFABAA007C5882 /* LiveEventCell.swift in Sources */,
				B320108E24B07DD5007C5882 /* FormCell.swift in Sources */,
				B360F16024968034001669E6 /* AppDelegate.swift in Sources */,
				B360F19E249681F1001669E6 /* SplashViewController.swift in Sources */,
				B36B5B18249E6DCA00B56478 /* ListTableCell.swift in Sources */,
				B3F9E61924A117B500A174EF /* SideMenuViewController.swift in Sources */,
				B30B751624B6ECBF00FDDA46 /* CommonController.swift in Sources */,
				B360F16224968034001669E6 /* SceneDelegate.swift in Sources */,
				B3F9E61524A0AFB700A174EF /* ImageCacheLoader.swift in Sources */,
				B360F1A224968487001669E6 /* Utils.swift in Sources */,
				B360F1A624968ABC001669E6 /* MasterResponseModel.swift in Sources */,
				B320108924B07B68007C5882 /* ProfilePicCell.swift in Sources */,
				B360F1A424968671001669E6 /* LoadingView.swift in Sources */,
				B31661872497E05500D061B3 /* Binding.swift in Sources */,
				B316617F249737BE00D061B3 /* RegistrationController.swift in Sources */,
			);
			runOnlyForDeploymentPostprocessing = 0;
		};
		B360F16E24968038001669E6 /* Sources */ = {
			isa = PBXSourcesBuildPhase;
			buildActionMask = 2147483647;
			files = (
				B360F17724968038001669E6 /* PlayGoodMusicTests.swift in Sources */,
			);
			runOnlyForDeploymentPostprocessing = 0;
		};
		B360F17924968038001669E6 /* Sources */ = {
			isa = PBXSourcesBuildPhase;
			buildActionMask = 2147483647;
			files = (
				B360F18224968038001669E6 /* PlayGoodMusicUITests.swift in Sources */,
			);
			runOnlyForDeploymentPostprocessing = 0;
		};
/* End PBXSourcesBuildPhase section */

/* Begin PBXTargetDependency section */
		B360F17424968038001669E6 /* PBXTargetDependency */ = {
			isa = PBXTargetDependency;
			target = B360F15B24968034001669E6 /* Play Good Music */;
			targetProxy = B360F17324968038001669E6 /* PBXContainerItemProxy */;
		};
		B360F17F24968038001669E6 /* PBXTargetDependency */ = {
			isa = PBXTargetDependency;
			target = B360F15B24968034001669E6 /* Play Good Music */;
			targetProxy = B360F17E24968038001669E6 /* PBXContainerItemProxy */;
		};
/* End PBXTargetDependency section */

/* Begin PBXVariantGroup section */
		B360F16524968034001669E6 /* Main.storyboard */ = {
			isa = PBXVariantGroup;
			children = (
				B360F16624968034001669E6 /* Base */,
			);
			name = Main.storyboard;
			sourceTree = "<group>";
		};
		B360F16A24968037001669E6 /* LaunchScreen.storyboard */ = {
			isa = PBXVariantGroup;
			children = (
				B360F16B24968037001669E6 /* Base */,
			);
			name = LaunchScreen.storyboard;
			sourceTree = "<group>";
		};
/* End PBXVariantGroup section */

/* Begin XCBuildConfiguration section */
		B360F18424968038001669E6 /* Debug */ = {
			isa = XCBuildConfiguration;
			buildSettings = {
				ALWAYS_SEARCH_USER_PATHS = NO;
				CLANG_ANALYZER_NONNULL = YES;
				CLANG_ANALYZER_NUMBER_OBJECT_CONVERSION = YES_AGGRESSIVE;
				CLANG_CXX_LANGUAGE_STANDARD = "gnu++14";
				CLANG_CXX_LIBRARY = "libc++";
				CLANG_ENABLE_MODULES = YES;
				CLANG_ENABLE_OBJC_ARC = YES;
				CLANG_ENABLE_OBJC_WEAK = YES;
				CLANG_WARN_BLOCK_CAPTURE_AUTORELEASING = YES;
				CLANG_WARN_BOOL_CONVERSION = YES;
				CLANG_WARN_COMMA = YES;
				CLANG_WARN_CONSTANT_CONVERSION = YES;
				CLANG_WARN_DEPRECATED_OBJC_IMPLEMENTATIONS = YES;
				CLANG_WARN_DIRECT_OBJC_ISA_USAGE = YES_ERROR;
				CLANG_WARN_DOCUMENTATION_COMMENTS = YES;
				CLANG_WARN_EMPTY_BODY = YES;
				CLANG_WARN_ENUM_CONVERSION = YES;
				CLANG_WARN_INFINITE_RECURSION = YES;
				CLANG_WARN_INT_CONVERSION = YES;
				CLANG_WARN_NON_LITERAL_NULL_CONVERSION = YES;
				CLANG_WARN_OBJC_IMPLICIT_RETAIN_SELF = YES;
				CLANG_WARN_OBJC_LITERAL_CONVERSION = YES;
				CLANG_WARN_OBJC_ROOT_CLASS = YES_ERROR;
				CLANG_WARN_RANGE_LOOP_ANALYSIS = YES;
				CLANG_WARN_STRICT_PROTOTYPES = YES;
				CLANG_WARN_SUSPICIOUS_MOVE = YES;
				CLANG_WARN_UNGUARDED_AVAILABILITY = YES_AGGRESSIVE;
				CLANG_WARN_UNREACHABLE_CODE = YES;
				CLANG_WARN__DUPLICATE_METHOD_MATCH = YES;
				COPY_PHASE_STRIP = NO;
				DEBUG_INFORMATION_FORMAT = dwarf;
				ENABLE_STRICT_OBJC_MSGSEND = YES;
				ENABLE_TESTABILITY = YES;
				GCC_C_LANGUAGE_STANDARD = gnu11;
				GCC_DYNAMIC_NO_PIC = NO;
				GCC_NO_COMMON_BLOCKS = YES;
				GCC_OPTIMIZATION_LEVEL = 0;
				GCC_PREPROCESSOR_DEFINITIONS = (
					"DEBUG=1",
					"$(inherited)",
				);
				GCC_WARN_64_TO_32_BIT_CONVERSION = YES;
				GCC_WARN_ABOUT_RETURN_TYPE = YES_ERROR;
				GCC_WARN_UNDECLARED_SELECTOR = YES;
				GCC_WARN_UNINITIALIZED_AUTOS = YES_AGGRESSIVE;
				GCC_WARN_UNUSED_FUNCTION = YES;
				GCC_WARN_UNUSED_VARIABLE = YES;
				IPHONEOS_DEPLOYMENT_TARGET = 13.5;
				MTL_ENABLE_DEBUG_INFO = INCLUDE_SOURCE;
				MTL_FAST_MATH = YES;
				ONLY_ACTIVE_ARCH = YES;
				SDKROOT = iphoneos;
				SWIFT_ACTIVE_COMPILATION_CONDITIONS = DEBUG;
				SWIFT_OPTIMIZATION_LEVEL = "-Onone";
			};
			name = Debug;
		};
		B360F18524968038001669E6 /* Release */ = {
			isa = XCBuildConfiguration;
			buildSettings = {
				ALWAYS_SEARCH_USER_PATHS = NO;
				CLANG_ANALYZER_NONNULL = YES;
				CLANG_ANALYZER_NUMBER_OBJECT_CONVERSION = YES_AGGRESSIVE;
				CLANG_CXX_LANGUAGE_STANDARD = "gnu++14";
				CLANG_CXX_LIBRARY = "libc++";
				CLANG_ENABLE_MODULES = YES;
				CLANG_ENABLE_OBJC_ARC = YES;
				CLANG_ENABLE_OBJC_WEAK = YES;
				CLANG_WARN_BLOCK_CAPTURE_AUTORELEASING = YES;
				CLANG_WARN_BOOL_CONVERSION = YES;
				CLANG_WARN_COMMA = YES;
				CLANG_WARN_CONSTANT_CONVERSION = YES;
				CLANG_WARN_DEPRECATED_OBJC_IMPLEMENTATIONS = YES;
				CLANG_WARN_DIRECT_OBJC_ISA_USAGE = YES_ERROR;
				CLANG_WARN_DOCUMENTATION_COMMENTS = YES;
				CLANG_WARN_EMPTY_BODY = YES;
				CLANG_WARN_ENUM_CONVERSION = YES;
				CLANG_WARN_INFINITE_RECURSION = YES;
				CLANG_WARN_INT_CONVERSION = YES;
				CLANG_WARN_NON_LITERAL_NULL_CONVERSION = YES;
				CLANG_WARN_OBJC_IMPLICIT_RETAIN_SELF = YES;
				CLANG_WARN_OBJC_LITERAL_CONVERSION = YES;
				CLANG_WARN_OBJC_ROOT_CLASS = YES_ERROR;
				CLANG_WARN_RANGE_LOOP_ANALYSIS = YES;
				CLANG_WARN_STRICT_PROTOTYPES = YES;
				CLANG_WARN_SUSPICIOUS_MOVE = YES;
				CLANG_WARN_UNGUARDED_AVAILABILITY = YES_AGGRESSIVE;
				CLANG_WARN_UNREACHABLE_CODE = YES;
				CLANG_WARN__DUPLICATE_METHOD_MATCH = YES;
				COPY_PHASE_STRIP = NO;
				DEBUG_INFORMATION_FORMAT = "dwarf-with-dsym";
				ENABLE_NS_ASSERTIONS = NO;
				ENABLE_STRICT_OBJC_MSGSEND = YES;
				GCC_C_LANGUAGE_STANDARD = gnu11;
				GCC_NO_COMMON_BLOCKS = YES;
				GCC_WARN_64_TO_32_BIT_CONVERSION = YES;
				GCC_WARN_ABOUT_RETURN_TYPE = YES_ERROR;
				GCC_WARN_UNDECLARED_SELECTOR = YES;
				GCC_WARN_UNINITIALIZED_AUTOS = YES_AGGRESSIVE;
				GCC_WARN_UNUSED_FUNCTION = YES;
				GCC_WARN_UNUSED_VARIABLE = YES;
				IPHONEOS_DEPLOYMENT_TARGET = 13.5;
				MTL_ENABLE_DEBUG_INFO = NO;
				MTL_FAST_MATH = YES;
				SDKROOT = iphoneos;
				SWIFT_COMPILATION_MODE = wholemodule;
				SWIFT_OPTIMIZATION_LEVEL = "-O";
				VALIDATE_PRODUCT = YES;
			};
			name = Release;
		};
		B360F18724968038001669E6 /* Debug */ = {
			isa = XCBuildConfiguration;
			baseConfigurationReference = A619CAD0E94ABCD83BC1E0E2 /* Pods-Play Good Music.debug.xcconfig */;
			buildSettings = {
				ASSETCATALOG_COMPILER_APPICON_NAME = AppIcon;
				CODE_SIGN_IDENTITY = "Apple Development";
				CODE_SIGN_STYLE = Automatic;
				CURRENT_PROJECT_VERSION = 1.0;
				DEVELOPMENT_TEAM = JSN8GHH7P2;
				INFOPLIST_FILE = PlayGoodMusic/Info.plist;
				IPHONEOS_DEPLOYMENT_TARGET = 13.0;
				LD_RUNPATH_SEARCH_PATHS = (
					"$(inherited)",
					"@executable_path/Frameworks",
				);
				MARKETING_VERSION = 1.0;
				PRODUCT_BUNDLE_IDENTIFIER = com.playgoodmusic.pgm;
				PRODUCT_NAME = "Play Good Music";
				PROVISIONING_PROFILE_SPECIFIER = "";
				SWIFT_VERSION = 5.0;
				TARGETED_DEVICE_FAMILY = 1;
			};
			name = Debug;
		};
		B360F18824968038001669E6 /* Release */ = {
			isa = XCBuildConfiguration;
			baseConfigurationReference = E0B7DBAE3AAC0C48EA73926E /* Pods-Play Good Music.release.xcconfig */;
			buildSettings = {
				ASSETCATALOG_COMPILER_APPICON_NAME = AppIcon;
				CODE_SIGN_IDENTITY = "iPhone Distribution";
				CODE_SIGN_STYLE = Manual;
				CURRENT_PROJECT_VERSION = 1.0;
				DEVELOPMENT_TEAM = JSN8GHH7P2;
				INFOPLIST_FILE = PlayGoodMusic/Info.plist;
				IPHONEOS_DEPLOYMENT_TARGET = 13.0;
				LD_RUNPATH_SEARCH_PATHS = (
					"$(inherited)",
					"@executable_path/Frameworks",
				);
				MARKETING_VERSION = 1.0;
				PRODUCT_BUNDLE_IDENTIFIER = com.playgoodmusic.pgm;
				PRODUCT_NAME = "Play Good Music";
				PROVISIONING_PROFILE_SPECIFIER = pgmDist;
				SWIFT_VERSION = 5.0;
				TARGETED_DEVICE_FAMILY = 1;
			};
			name = Release;
		};
		B360F18A24968038001669E6 /* Debug */ = {
			isa = XCBuildConfiguration;
			baseConfigurationReference = 408A6645C5D6CF27A7AACFFB /* Pods-Play Good MusicTests.debug.xcconfig */;
			buildSettings = {
				ALWAYS_EMBED_SWIFT_STANDARD_LIBRARIES = YES;
				BUNDLE_LOADER = "$(TEST_HOST)";
				CODE_SIGN_STYLE = Automatic;
				DEVELOPMENT_TEAM = H7S27MGJS8;
				INFOPLIST_FILE = PlayGoodMusicTests/Info.plist;
				IPHONEOS_DEPLOYMENT_TARGET = 13.5;
				LD_RUNPATH_SEARCH_PATHS = (
					"$(inherited)",
					"@executable_path/Frameworks",
					"@loader_path/Frameworks",
				);
				PRODUCT_BUNDLE_IDENTIFIER = "com.-.PlayGoodMusicTests";
				PRODUCT_NAME = "$(TARGET_NAME)";
				SWIFT_VERSION = 5.0;
				TARGETED_DEVICE_FAMILY = "1,2";
				TEST_HOST = "$(BUILT_PRODUCTS_DIR)/Play Good Music.app/Play Good Music";
			};
			name = Debug;
		};
		B360F18B24968038001669E6 /* Release */ = {
			isa = XCBuildConfiguration;
			baseConfigurationReference = 5C946A3A2F0444012ABA4455 /* Pods-Play Good MusicTests.release.xcconfig */;
			buildSettings = {
				ALWAYS_EMBED_SWIFT_STANDARD_LIBRARIES = YES;
				BUNDLE_LOADER = "$(TEST_HOST)";
				CODE_SIGN_STYLE = Automatic;
				DEVELOPMENT_TEAM = H7S27MGJS8;
				INFOPLIST_FILE = PlayGoodMusicTests/Info.plist;
				IPHONEOS_DEPLOYMENT_TARGET = 13.5;
				LD_RUNPATH_SEARCH_PATHS = (
					"$(inherited)",
					"@executable_path/Frameworks",
					"@loader_path/Frameworks",
				);
				PRODUCT_BUNDLE_IDENTIFIER = "com.-.PlayGoodMusicTests";
				PRODUCT_NAME = "$(TARGET_NAME)";
				SWIFT_VERSION = 5.0;
				TARGETED_DEVICE_FAMILY = "1,2";
				TEST_HOST = "$(BUILT_PRODUCTS_DIR)/Play Good Music.app/Play Good Music";
			};
			name = Release;
		};
		B360F18D24968038001669E6 /* Debug */ = {
			isa = XCBuildConfiguration;
			baseConfigurationReference = C9AF764E16675B6056461492 /* Pods-Play Good Music-Play Good MusicUITests.debug.xcconfig */;
			buildSettings = {
				ALWAYS_EMBED_SWIFT_STANDARD_LIBRARIES = YES;
				CODE_SIGN_STYLE = Automatic;
				DEVELOPMENT_TEAM = H7S27MGJS8;
				INFOPLIST_FILE = PlayGoodMusicUITests/Info.plist;
				IPHONEOS_DEPLOYMENT_TARGET = 11.0;
				LD_RUNPATH_SEARCH_PATHS = (
					"$(inherited)",
					"@executable_path/Frameworks",
					"@loader_path/Frameworks",
				);
				PRODUCT_BUNDLE_IDENTIFIER = "com.-.PlayGoodMusicUITests";
				PRODUCT_NAME = "$(TARGET_NAME)";
				SWIFT_VERSION = 5.0;
				TARGETED_DEVICE_FAMILY = "1,2";
				TEST_TARGET_NAME = PlayGoodMusic;
			};
			name = Debug;
		};
		B360F18E24968038001669E6 /* Release */ = {
			isa = XCBuildConfiguration;
			baseConfigurationReference = A01AD65CC9AB15B0A2BF2437 /* Pods-Play Good Music-Play Good MusicUITests.release.xcconfig */;
			buildSettings = {
				ALWAYS_EMBED_SWIFT_STANDARD_LIBRARIES = YES;
				CODE_SIGN_STYLE = Automatic;
				DEVELOPMENT_TEAM = H7S27MGJS8;
				INFOPLIST_FILE = PlayGoodMusicUITests/Info.plist;
				IPHONEOS_DEPLOYMENT_TARGET = 11.0;
				LD_RUNPATH_SEARCH_PATHS = (
					"$(inherited)",
					"@executable_path/Frameworks",
					"@loader_path/Frameworks",
				);
				PRODUCT_BUNDLE_IDENTIFIER = "com.-.PlayGoodMusicUITests";
				PRODUCT_NAME = "$(TARGET_NAME)";
				SWIFT_VERSION = 5.0;
				TARGETED_DEVICE_FAMILY = "1,2";
				TEST_TARGET_NAME = PlayGoodMusic;
			};
			name = Release;
		};
/* End XCBuildConfiguration section */

/* Begin XCConfigurationList section */
		B360F15724968034001669E6 /* Build configuration list for PBXProject "Play Good Music" */ = {
			isa = XCConfigurationList;
			buildConfigurations = (
				B360F18424968038001669E6 /* Debug */,
				B360F18524968038001669E6 /* Release */,
			);
			defaultConfigurationIsVisible = 0;
			defaultConfigurationName = Release;
		};
		B360F18624968038001669E6 /* Build configuration list for PBXNativeTarget "Play Good Music" */ = {
			isa = XCConfigurationList;
			buildConfigurations = (
				B360F18724968038001669E6 /* Debug */,
				B360F18824968038001669E6 /* Release */,
			);
			defaultConfigurationIsVisible = 0;
			defaultConfigurationName = Release;
		};
		B360F18924968038001669E6 /* Build configuration list for PBXNativeTarget "Play Good MusicTests" */ = {
			isa = XCConfigurationList;
			buildConfigurations = (
				B360F18A24968038001669E6 /* Debug */,
				B360F18B24968038001669E6 /* Release */,
			);
			defaultConfigurationIsVisible = 0;
			defaultConfigurationName = Release;
		};
		B360F18C24968038001669E6 /* Build configuration list for PBXNativeTarget "Play Good MusicUITests" */ = {
			isa = XCConfigurationList;
			buildConfigurations = (
				B360F18D24968038001669E6 /* Debug */,
				B360F18E24968038001669E6 /* Release */,
			);
			defaultConfigurationIsVisible = 0;
			defaultConfigurationName = Release;
		};
/* End XCConfigurationList section */
	};
	rootObject = B360F15424968034001669E6 /* Project object */;
}
